PODS:
  - Flutter (0.0.3)
  - GeneratedPluginRegistrant (0.0.2):
    - Flutter

DEPENDENCIES:
  - Flutter
  - GeneratedPluginRegistrant

SPEC REPOS:
  "git@gitlab.ttyuyin.com:cocoapods/repo.git":
    - Flutter
    - GeneratedPluginRegistrant

SPEC CHECKSUMS:
  Flutter: 5a8185463e271f7bd105e05b07713b85e9aa8abb
  GeneratedPluginRegistrant: ca8f22391c3f2d37c25408e035332bc20fc40193

PODFILE CHECKSUM: 45839cf0d61a27af4942863c0d5312d71fec70b7

COCOAPODS: 1.10.0
