// !$*UTF8*$!
{
	archiveVersion = 1;
	classes = {
	};
	objectVersion = 50;
	objects = {

/* Begin PBXBuildFile section */
		261FAF9A256679A600F7DE8B /* TTFlutterPluginRegistrant.m in Sources */ = {isa = PBXBuildFile; fileRef = 261FAF98256679A600F7DE8B /* TTFlutterPluginRegistrant.m */; };
		261FAF9C25667D6A00F7DE8B /* TTFlutterPluginRegistrant.h in CopyFiles */ = {isa = PBXBuildFile; fileRef = 261FAF99256679A600F7DE8B /* TTFlutterPluginRegistrant.h */; };
		264946D0255D4D790081BFF4 /* TTFlutterOcMethod.m in Sources */ = {isa = PBXBuildFile; fileRef = 264946CA255D4D790081BFF4 /* TTFlutterOcMethod.m */; };
		264946D1255D4D790081BFF4 /* TTFlutterPluginOCBridge.m in Sources */ = {isa = PBXBuildFile; fileRef = 264946CC255D4D790081BFF4 /* TTFlutterPluginOCBridge.m */; };
		264946D2255D4D790081BFF4 /* TTFlutterPlugin.m in Sources */ = {isa = PBXBuildFile; fileRef = 264946CD255D4D790081BFF4 /* TTFlutterPlugin.m */; };
		264946D4255D4D860081BFF4 /* TTFlutterPlugin.h in CopyFiles */ = {isa = PBXBuildFile; fileRef = 264946CE255D4D790081BFF4 /* TTFlutterPlugin.h */; };
		264946D5255D4D860081BFF4 /* TTFlutterPluginOCBridge.h in CopyFiles */ = {isa = PBXBuildFile; fileRef = 264946CF255D4D790081BFF4 /* TTFlutterPluginOCBridge.h */; };
		2E69FF0879129646C6687C65 /* Pods_TTFlutterBridge.framework in Frameworks */ = {isa = PBXBuildFile; fileRef = A17D186E38C7CC82BA5B8B3D /* Pods_TTFlutterBridge.framework */; };
/* End PBXBuildFile section */

/* Begin PBXCopyFilesBuildPhase section */
		264946BA255D4D4E0081BFF4 /* CopyFiles */ = {
			isa = PBXCopyFilesBuildPhase;
			buildActionMask = 2147483647;
			dstPath = include;
			dstSubfolderSpec = 16;
			files = (
				261FAF9C25667D6A00F7DE8B /* TTFlutterPluginRegistrant.h in CopyFiles */,
				264946D4255D4D860081BFF4 /* TTFlutterPlugin.h in CopyFiles */,
				264946D5255D4D860081BFF4 /* TTFlutterPluginOCBridge.h in CopyFiles */,
			);
			runOnlyForDeploymentPostprocessing = 0;
		};
/* End PBXCopyFilesBuildPhase section */

/* Begin PBXFileReference section */
		261FAF98256679A600F7DE8B /* TTFlutterPluginRegistrant.m */ = {isa = PBXFileReference; fileEncoding = 4; lastKnownFileType = sourcecode.c.objc; path = TTFlutterPluginRegistrant.m; sourceTree = "<group>"; };
		261FAF99256679A600F7DE8B /* TTFlutterPluginRegistrant.h */ = {isa = PBXFileReference; fileEncoding = 4; lastKnownFileType = sourcecode.c.h; path = TTFlutterPluginRegistrant.h; sourceTree = "<group>"; };
		264946BC255D4D4E0081BFF4 /* libTTFlutterBridge.a */ = {isa = PBXFileReference; explicitFileType = archive.ar; includeInIndex = 0; path = libTTFlutterBridge.a; sourceTree = BUILT_PRODUCTS_DIR; };
		264946CA255D4D790081BFF4 /* TTFlutterOcMethod.m */ = {isa = PBXFileReference; fileEncoding = 4; lastKnownFileType = sourcecode.c.objc; path = TTFlutterOcMethod.m; sourceTree = "<group>"; };
		264946CB255D4D790081BFF4 /* TTFlutterOcMethod.h */ = {isa = PBXFileReference; fileEncoding = 4; lastKnownFileType = sourcecode.c.h; path = TTFlutterOcMethod.h; sourceTree = "<group>"; };
		264946CC255D4D790081BFF4 /* TTFlutterPluginOCBridge.m */ = {isa = PBXFileReference; fileEncoding = 4; lastKnownFileType = sourcecode.c.objc; path = TTFlutterPluginOCBridge.m; sourceTree = "<group>"; };
		264946CD255D4D790081BFF4 /* TTFlutterPlugin.m */ = {isa = PBXFileReference; fileEncoding = 4; lastKnownFileType = sourcecode.c.objc; path = TTFlutterPlugin.m; sourceTree = "<group>"; };
		264946CE255D4D790081BFF4 /* TTFlutterPlugin.h */ = {isa = PBXFileReference; fileEncoding = 4; lastKnownFileType = sourcecode.c.h; path = TTFlutterPlugin.h; sourceTree = "<group>"; };
		264946CF255D4D790081BFF4 /* TTFlutterPluginOCBridge.h */ = {isa = PBXFileReference; fileEncoding = 4; lastKnownFileType = sourcecode.c.h; path = TTFlutterPluginOCBridge.h; sourceTree = "<group>"; };
		69C3104C13727564B8E45D24 /* Pods-TTFlutterBridge.release.xcconfig */ = {isa = PBXFileReference; includeInIndex = 1; lastKnownFileType = text.xcconfig; name = "Pods-TTFlutterBridge.release.xcconfig"; path = "Target Support Files/Pods-TTFlutterBridge/Pods-TTFlutterBridge.release.xcconfig"; sourceTree = "<group>"; };
		A17D186E38C7CC82BA5B8B3D /* Pods_TTFlutterBridge.framework */ = {isa = PBXFileReference; explicitFileType = wrapper.framework; includeInIndex = 0; path = Pods_TTFlutterBridge.framework; sourceTree = BUILT_PRODUCTS_DIR; };
		F56A12C089670FF355F51103 /* Pods-TTFlutterBridge.debug.xcconfig */ = {isa = PBXFileReference; includeInIndex = 1; lastKnownFileType = text.xcconfig; name = "Pods-TTFlutterBridge.debug.xcconfig"; path = "Target Support Files/Pods-TTFlutterBridge/Pods-TTFlutterBridge.debug.xcconfig"; sourceTree = "<group>"; };
/* End PBXFileReference section */

/* Begin PBXFrameworksBuildPhase section */
		264946B9255D4D4E0081BFF4 /* Frameworks */ = {
			isa = PBXFrameworksBuildPhase;
			buildActionMask = 2147483647;
			files = (
				2E69FF0879129646C6687C65 /* Pods_TTFlutterBridge.framework in Frameworks */,
			);
			runOnlyForDeploymentPostprocessing = 0;
		};
/* End PBXFrameworksBuildPhase section */

/* Begin PBXGroup section */
		264946B3255D4D4E0081BFF4 = {
			isa = PBXGroup;
			children = (
				264946CB255D4D790081BFF4 /* TTFlutterOcMethod.h */,
				264946CA255D4D790081BFF4 /* TTFlutterOcMethod.m */,
				264946CE255D4D790081BFF4 /* TTFlutterPlugin.h */,
				264946CD255D4D790081BFF4 /* TTFlutterPlugin.m */,
				261FAF99256679A600F7DE8B /* TTFlutterPluginRegistrant.h */,
				261FAF98256679A600F7DE8B /* TTFlutterPluginRegistrant.m */,
				264946CF255D4D790081BFF4 /* TTFlutterPluginOCBridge.h */,
				264946CC255D4D790081BFF4 /* TTFlutterPluginOCBridge.m */,
				264946BD255D4D4E0081BFF4 /* Products */,
				5C6C607BDC9957CAF451CD6B /* Pods */,
				A87B8B6F76C1268F8C89F530 /* Frameworks */,
			);
			sourceTree = "<group>";
		};
		264946BD255D4D4E0081BFF4 /* Products */ = {
			isa = PBXGroup;
			children = (
				264946BC255D4D4E0081BFF4 /* libTTFlutterBridge.a */,
			);
			name = Products;
			sourceTree = "<group>";
		};
		5C6C607BDC9957CAF451CD6B /* Pods */ = {
			isa = PBXGroup;
			children = (
				F56A12C089670FF355F51103 /* Pods-TTFlutterBridge.debug.xcconfig */,
				69C3104C13727564B8E45D24 /* Pods-TTFlutterBridge.release.xcconfig */,
			);
			path = Pods;
			sourceTree = "<group>";
		};
		A87B8B6F76C1268F8C89F530 /* Frameworks */ = {
			isa = PBXGroup;
			children = (
				A17D186E38C7CC82BA5B8B3D /* Pods_TTFlutterBridge.framework */,
			);
			name = Frameworks;
			sourceTree = "<group>";
		};
/* End PBXGroup section */

/* Begin PBXNativeTarget section */
		264946BB255D4D4E0081BFF4 /* TTFlutterBridge */ = {
			isa = PBXNativeTarget;
			buildConfigurationList = 264946C5255D4D4E0081BFF4 /* Build configuration list for PBXNativeTarget "TTFlutterBridge" */;
			buildPhases = (
				10FFE260FDBFCE1CAB8A10A1 /* [CP] Check Pods Manifest.lock */,
				264946B8255D4D4E0081BFF4 /* Sources */,
				264946B9255D4D4E0081BFF4 /* Frameworks */,
				264946BA255D4D4E0081BFF4 /* CopyFiles */,
			);
			buildRules = (
			);
			dependencies = (
			);
			name = TTFlutterBridge;
			productName = TTFlutterBridge;
			productReference = 264946BC255D4D4E0081BFF4 /* libTTFlutterBridge.a */;
			productType = "com.apple.product-type.library.static";
		};
/* End PBXNativeTarget section */

/* Begin PBXProject section */
		264946B4255D4D4E0081BFF4 /* Project object */ = {
			isa = PBXProject;
			attributes = {
				LastUpgradeCheck = 1200;
				TargetAttributes = {
					264946BB255D4D4E0081BFF4 = {
						CreatedOnToolsVersion = 12.0.1;
					};
				};
			};
			buildConfigurationList = 264946B7255D4D4E0081BFF4 /* Build configuration list for PBXProject "TTFlutterBridge" */;
			compatibilityVersion = "Xcode 9.3";
			developmentRegion = en;
			hasScannedForEncodings = 0;
			knownRegions = (
				en,
				Base,
			);
			mainGroup = 264946B3255D4D4E0081BFF4;
			productRefGroup = 264946BD255D4D4E0081BFF4 /* Products */;
			projectDirPath = "";
			projectRoot = "";
			targets = (
				264946BB255D4D4E0081BFF4 /* TTFlutterBridge */,
			);
		};
/* End PBXProject section */

/* Begin PBXShellScriptBuildPhase section */
		10FFE260FDBFCE1CAB8A10A1 /* [CP] Check Pods Manifest.lock */ = {
			isa = PBXShellScriptBuildPhase;
			buildActionMask = 2147483647;
			files = (
			);
			inputFileListPaths = (
			);
			inputPaths = (
				"${PODS_PODFILE_DIR_PATH}/Podfile.lock",
				"${PODS_ROOT}/Manifest.lock",
			);
			name = "[CP] Check Pods Manifest.lock";
			outputFileListPaths = (
			);
			outputPaths = (
				"$(DERIVED_FILE_DIR)/Pods-TTFlutterBridge-checkManifestLockResult.txt",
			);
			runOnlyForDeploymentPostprocessing = 0;
			shellPath = /bin/sh;
			shellScript = "diff \"${PODS_PODFILE_DIR_PATH}/Podfile.lock\" \"${PODS_ROOT}/Manifest.lock\" > /dev/null\nif [ $? != 0 ] ; then\n    # print error to STDERR\n    echo \"error: The sandbox is not in sync with the Podfile.lock. Run 'pod install' or update your CocoaPods installation.\" >&2\n    exit 1\nfi\n# This output is used by Xcode 'outputs' to avoid re-running this script phase.\necho \"SUCCESS\" > \"${SCRIPT_OUTPUT_FILE_0}\"\n";
			showEnvVarsInLog = 0;
		};
/* End PBXShellScriptBuildPhase section */

/* Begin PBXSourcesBuildPhase section */
		264946B8255D4D4E0081BFF4 /* Sources */ = {
			isa = PBXSourcesBuildPhase;
			buildActionMask = 2147483647;
			files = (
				264946D1255D4D790081BFF4 /* TTFlutterPluginOCBridge.m in Sources */,
				264946D2255D4D790081BFF4 /* TTFlutterPlugin.m in Sources */,
				261FAF9A256679A600F7DE8B /* TTFlutterPluginRegistrant.m in Sources */,
				264946D0255D4D790081BFF4 /* TTFlutterOcMethod.m in Sources */,
			);
			runOnlyForDeploymentPostprocessing = 0;
		};
/* End PBXSourcesBuildPhase section */

/* Begin XCBuildConfiguration section */
		264946C3255D4D4E0081BFF4 /* Debug */ = {
			isa = XCBuildConfiguration;
			buildSettings = {
				ALWAYS_SEARCH_USER_PATHS = NO;
				CLANG_ANALYZER_NONNULL = YES;
				CLANG_ANALYZER_NUMBER_OBJECT_CONVERSION = YES_AGGRESSIVE;
				CLANG_CXX_LANGUAGE_STANDARD = "gnu++14";
				CLANG_CXX_LIBRARY = "libc++";
				CLANG_ENABLE_MODULES = YES;
				CLANG_ENABLE_OBJC_ARC = YES;
				CLANG_ENABLE_OBJC_WEAK = YES;
				CLANG_WARN_BLOCK_CAPTURE_AUTORELEASING = YES;
				CLANG_WARN_BOOL_CONVERSION = YES;
				CLANG_WARN_COMMA = YES;
				CLANG_WARN_CONSTANT_CONVERSION = YES;
				CLANG_WARN_DEPRECATED_OBJC_IMPLEMENTATIONS = YES;
				CLANG_WARN_DIRECT_OBJC_ISA_USAGE = YES_ERROR;
				CLANG_WARN_DOCUMENTATION_COMMENTS = YES;
				CLANG_WARN_EMPTY_BODY = YES;
				CLANG_WARN_ENUM_CONVERSION = YES;
				CLANG_WARN_INFINITE_RECURSION = YES;
				CLANG_WARN_INT_CONVERSION = YES;
				CLANG_WARN_NON_LITERAL_NULL_CONVERSION = YES;
				CLANG_WARN_OBJC_IMPLICIT_RETAIN_SELF = YES;
				CLANG_WARN_OBJC_LITERAL_CONVERSION = YES;
				CLANG_WARN_OBJC_ROOT_CLASS = YES_ERROR;
				CLANG_WARN_QUOTED_INCLUDE_IN_FRAMEWORK_HEADER = YES;
				CLANG_WARN_RANGE_LOOP_ANALYSIS = YES;
				CLANG_WARN_STRICT_PROTOTYPES = YES;
				CLANG_WARN_SUSPICIOUS_MOVE = YES;
				CLANG_WARN_UNGUARDED_AVAILABILITY = YES_AGGRESSIVE;
				CLANG_WARN_UNREACHABLE_CODE = YES;
				CLANG_WARN__DUPLICATE_METHOD_MATCH = YES;
				COPY_PHASE_STRIP = NO;
				DEBUG_INFORMATION_FORMAT = dwarf;
				ENABLE_STRICT_OBJC_MSGSEND = YES;
				ENABLE_TESTABILITY = YES;
				GCC_C_LANGUAGE_STANDARD = gnu11;
				GCC_DYNAMIC_NO_PIC = NO;
				GCC_NO_COMMON_BLOCKS = YES;
				GCC_OPTIMIZATION_LEVEL = 0;
				GCC_PREPROCESSOR_DEFINITIONS = (
					"DEBUG=1",
					"$(inherited)",
				);
				GCC_WARN_64_TO_32_BIT_CONVERSION = YES;
				GCC_WARN_ABOUT_RETURN_TYPE = YES_ERROR;
				GCC_WARN_UNDECLARED_SELECTOR = YES;
				GCC_WARN_UNINITIALIZED_AUTOS = YES_AGGRESSIVE;
				GCC_WARN_UNUSED_FUNCTION = YES;
				GCC_WARN_UNUSED_VARIABLE = YES;
				IPHONEOS_DEPLOYMENT_TARGET = 14.0;
				MTL_ENABLE_DEBUG_INFO = INCLUDE_SOURCE;
				MTL_FAST_MATH = YES;
				ONLY_ACTIVE_ARCH = YES;
				SDKROOT = iphoneos;
			};
			name = Debug;
		};
		264946C4255D4D4E0081BFF4 /* Release */ = {
			isa = XCBuildConfiguration;
			buildSettings = {
				ALWAYS_SEARCH_USER_PATHS = NO;
				CLANG_ANALYZER_NONNULL = YES;
				CLANG_ANALYZER_NUMBER_OBJECT_CONVERSION = YES_AGGRESSIVE;
				CLANG_CXX_LANGUAGE_STANDARD = "gnu++14";
				CLANG_CXX_LIBRARY = "libc++";
				CLANG_ENABLE_MODULES = YES;
				CLANG_ENABLE_OBJC_ARC = YES;
				CLANG_ENABLE_OBJC_WEAK = YES;
				CLANG_WARN_BLOCK_CAPTURE_AUTORELEASING = YES;
				CLANG_WARN_BOOL_CONVERSION = YES;
				CLANG_WARN_COMMA = YES;
				CLANG_WARN_CONSTANT_CONVERSION = YES;
				CLANG_WARN_DEPRECATED_OBJC_IMPLEMENTATIONS = YES;
				CLANG_WARN_DIRECT_OBJC_ISA_USAGE = YES_ERROR;
				CLANG_WARN_DOCUMENTATION_COMMENTS = YES;
				CLANG_WARN_EMPTY_BODY = YES;
				CLANG_WARN_ENUM_CONVERSION = YES;
				CLANG_WARN_INFINITE_RECURSION = YES;
				CLANG_WARN_INT_CONVERSION = YES;
				CLANG_WARN_NON_LITERAL_NULL_CONVERSION = YES;
				CLANG_WARN_OBJC_IMPLICIT_RETAIN_SELF = YES;
				CLANG_WARN_OBJC_LITERAL_CONVERSION = YES;
				CLANG_WARN_OBJC_ROOT_CLASS = YES_ERROR;
				CLANG_WARN_QUOTED_INCLUDE_IN_FRAMEWORK_HEADER = YES;
				CLANG_WARN_RANGE_LOOP_ANALYSIS = YES;
				CLANG_WARN_STRICT_PROTOTYPES = YES;
				CLANG_WARN_SUSPICIOUS_MOVE = YES;
				CLANG_WARN_UNGUARDED_AVAILABILITY = YES_AGGRESSIVE;
				CLANG_WARN_UNREACHABLE_CODE = YES;
				CLANG_WARN__DUPLICATE_METHOD_MATCH = YES;
				COPY_PHASE_STRIP = NO;
				DEBUG_INFORMATION_FORMAT = "dwarf-with-dsym";
				ENABLE_NS_ASSERTIONS = NO;
				ENABLE_STRICT_OBJC_MSGSEND = YES;
				GCC_C_LANGUAGE_STANDARD = gnu11;
				GCC_NO_COMMON_BLOCKS = YES;
				GCC_WARN_64_TO_32_BIT_CONVERSION = YES;
				GCC_WARN_ABOUT_RETURN_TYPE = YES_ERROR;
				GCC_WARN_UNDECLARED_SELECTOR = YES;
				GCC_WARN_UNINITIALIZED_AUTOS = YES_AGGRESSIVE;
				GCC_WARN_UNUSED_FUNCTION = YES;
				GCC_WARN_UNUSED_VARIABLE = YES;
				IPHONEOS_DEPLOYMENT_TARGET = 14.0;
				MTL_ENABLE_DEBUG_INFO = NO;
				MTL_FAST_MATH = YES;
				SDKROOT = iphoneos;
				VALIDATE_PRODUCT = YES;
			};
			name = Release;
		};
		264946C6255D4D4E0081BFF4 /* Debug */ = {
			isa = XCBuildConfiguration;
			baseConfigurationReference = F56A12C089670FF355F51103 /* Pods-TTFlutterBridge.debug.xcconfig */;
			buildSettings = {
				CODE_SIGN_STYLE = Automatic;
				DEVELOPMENT_TEAM = MHZFCBBQ75;
				IPHONEOS_DEPLOYMENT_TARGET = 9.0;
				OTHER_LDFLAGS = "-ObjC";
				PRODUCT_NAME = "$(TARGET_NAME)";
				SKIP_INSTALL = YES;
				TARGETED_DEVICE_FAMILY = "1,2";
			};
			name = Debug;
		};
		264946C7255D4D4E0081BFF4 /* Release */ = {
			isa = XCBuildConfiguration;
			baseConfigurationReference = 69C3104C13727564B8E45D24 /* Pods-TTFlutterBridge.release.xcconfig */;
			buildSettings = {
				CODE_SIGN_STYLE = Automatic;
				DEVELOPMENT_TEAM = MHZFCBBQ75;
				IPHONEOS_DEPLOYMENT_TARGET = 9.0;
				OTHER_LDFLAGS = "-ObjC";
				PRODUCT_NAME = "$(TARGET_NAME)";
				SKIP_INSTALL = YES;
				TARGETED_DEVICE_FAMILY = "1,2";
			};
			name = Release;
		};
/* End XCBuildConfiguration section */

/* Begin XCConfigurationList section */
		264946B7255D4D4E0081BFF4 /* Build configuration list for PBXProject "TTFlutterBridge" */ = {
			isa = XCConfigurationList;
			buildConfigurations = (
				264946C3255D4D4E0081BFF4 /* Debug */,
				264946C4255D4D4E0081BFF4 /* Release */,
			);
			defaultConfigurationIsVisible = 0;
			defaultConfigurationName = Release;
		};
		264946C5255D4D4E0081BFF4 /* Build configuration list for PBXNativeTarget "TTFlutterBridge" */ = {
			isa = XCConfigurationList;
			buildConfigurations = (
				264946C6255D4D4E0081BFF4 /* Debug */,
				264946C7255D4D4E0081BFF4 /* Release */,
			);
			defaultConfigurationIsVisible = 0;
			defaultConfigurationName = Release;
		};
/* End XCConfigurationList section */
	};
	rootObject = 264946B4255D4D4E0081BFF4 /* Project object */;
}
